
Microsoft Visual Studio Solution File, Format Version 12.00
# Visual Studio Version 16
VisualStudioVersion = 16.0.29503.13
MinimumVisualStudioVersion = 10.0.40219.1
Project("{FAE04EC0-301F-11D3-BF4B-00C04F79EFBC}") = "NetDesignUDPClient", "NetDesignUDPClient\NetDesignUDPClient.csproj", "{8DC4CF2D-5A32-45E0-B187-BA69E861013F}"
EndProject
Global
	GlobalSection(SolutionConfigurationPlatforms) = preSolution
		Debug|Any CPU = Debug|Any CPU
		Release|Any CPU = Release|Any CPU
	EndGlobalSection
	GlobalSection(ProjectConfigurationPlatforms) = postSolution
		{8DC4CF2D-5A32-45E0-B187-BA69E861013F}.Debug|Any CPU.ActiveCfg = Debug|Any CPU
		{8DC4CF2D-5A32-45E0-B187-BA69E861013F}.Debug|Any CPU.Build.0 = Debug|Any CPU
		{8DC4CF2D-5A32-45E0-B187-BA69E861013F}.Release|Any CPU.ActiveCfg = Release|Any CPU
		{8DC4CF2D-5A32-45E0-B187-BA69E861013F}.Release|Any CPU.Build.0 = Release|Any CPU
	EndGlobalSection
	GlobalSection(SolutionProperties) = preSolution
		HideSolutionNode = FALSE
	EndGlobalSection
	GlobalSection(ExtensibilityGlobals) = postSolution
		SolutionGuid = {89327418-E249-463D-A3A0-1B9A06B78898}
	EndGlobalSection
EndGlobal
